
Microsoft Visual Studio Solution File, Format Version 12.00
# Visual Studio Version 16
VisualStudioVersion = 16.0.29806.167
MinimumVisualStudioVersion = 10.0.40219.1
Project("{FAE04EC0-301F-11D3-BF4B-00C04F79EFBC}") = "service-lib", "service-lib\service-lib.csproj", "{B058D39D-CD69-4CC9-BECD-D0193D012ED7}"
EndProject
Project("{FAE04EC0-301F-11D3-BF4B-00C04F79EFBC}") = "ChewieConsole", "ChewieConsole\ChewieConsole.csproj", "{C1C34958-B7CD-4916-B45D-2A35D274F032}"
EndProject
Global
	GlobalSection(SolutionConfigurationPlatforms) = preSolution
		Debug|Any CPU = Debug|Any CPU
		Release|Any CPU = Release|Any CPU
	EndGlobalSection
	GlobalSection(ProjectConfigurationPlatforms) = postSolution
		{B058D39D-CD69-4CC9-BECD-D0193D012ED7}.Debug|Any CPU.ActiveCfg = Debug|Any CPU
		{B058D39D-CD69-4CC9-BECD-D0193D012ED7}.Debug|Any CPU.Build.0 = Debug|Any CPU
		{B058D39D-CD69-4CC9-BECD-D0193D012ED7}.Release|Any CPU.ActiveCfg = Release|Any CPU
		{B058D39D-CD69-4CC9-BECD-D0193D012ED7}.Release|Any CPU.Build.0 = Release|Any CPU
		{C1C34958-B7CD-4916-B45D-2A35D274F032}.Debug|Any CPU.ActiveCfg = Debug|Any CPU
		{C1C34958-B7CD-4916-B45D-2A35D274F032}.Debug|Any CPU.Build.0 = Debug|Any CPU
		{C1C34958-B7CD-4916-B45D-2A35D274F032}.Release|Any CPU.ActiveCfg = Release|Any CPU
		{C1C34958-B7CD-4916-B45D-2A35D274F032}.Release|Any CPU.Build.0 = Release|Any CPU
	EndGlobalSection
	GlobalSection(SolutionProperties) = preSolution
		HideSolutionNode = FALSE
	EndGlobalSection
	GlobalSection(ExtensibilityGlobals) = postSolution
		SolutionGuid = {C05450CE-84D0-4BA0-99BF-083BFF0FBAAC}
	EndGlobalSection
EndGlobal
